// !$*UTF8*$!
{
	archiveVersion = 1;
	classes = {
	};
	objectVersion = 56;
	objects = {

/* Begin PBXBuildFile section */
		26EB2A1429D55AA800AD7962 /* AppDelegate.swift in Sources */ = {isa = PBXBuildFile; fileRef = 26EB2A1329D55AA800AD7962 /* AppDelegate.swift */; };
		26EB2A1629D55AA800AD7962 /* SceneDelegate.swift in Sources */ = {isa = PBXBuildFile; fileRef = 26EB2A1529D55AA800AD7962 /* SceneDelegate.swift */; };
		26EB2A1829D55AA800AD7962 /* ViewController.swift in Sources */ = {isa = PBXBuildFile; fileRef = 26EB2A1729D55AA800AD7962 /* ViewController.swift */; };
		26EB2A1B29D55AA800AD7962 /* Main.storyboard in Resources */ = {isa = PBXBuildFile; fileRef = 26EB2A1929D55AA800AD7962 /* Main.storyboard */; };
		26EB2A1D29D55AAB00AD7962 /* Assets.xcassets in Resources */ = {isa = PBXBuildFile; fileRef = 26EB2A1C29D55AAB00AD7962 /* Assets.xcassets */; };
		26EB2A2029D55AAB00AD7962 /* LaunchScreen.storyboard in Resources */ = {isa = PBXBuildFile; fileRef = 26EB2A1E29D55AAB00AD7962 /* LaunchScreen.storyboard */; };
		26EB2A2929D55D0D00AD7962 /* MyMusicCell.swift in Sources */ = {isa = PBXBuildFile; fileRef = 26EB2A2729D55D0D00AD7962 /* MyMusicCell.swift */; };
		26EB2A2A29D55D0D00AD7962 /* MyMusicCell.xib in Resources */ = {isa = PBXBuildFile; fileRef = 26EB2A2829D55D0D00AD7962 /* MyMusicCell.xib */; };
		26EB2A2C29D5613200AD7962 /* NetworkManager.swift in Sources */ = {isa = PBXBuildFile; fileRef = 26EB2A2B29D5613200AD7962 /* NetworkManager.swift */; };
		26EB2A2E29D56BAA00AD7962 /* Music.swift in Sources */ = {isa = PBXBuildFile; fileRef = 26EB2A2D29D56BAA00AD7962 /* Music.swift */; };
		26EB2A3029D5830400AD7962 /* SearchResultCollectionViewController.swift in Sources */ = {isa = PBXBuildFile; fileRef = 26EB2A2F29D5830400AD7962 /* SearchResultCollectionViewController.swift */; };
		26EB2A3229D5831600AD7962 /* MusicCollectionViewCell.swift in Sources */ = {isa = PBXBuildFile; fileRef = 26EB2A3129D5831600AD7962 /* MusicCollectionViewCell.swift */; };
/* End PBXBuildFile section */

/* Begin PBXFileReference section */
		26EB2A1029D55AA800AD7962 /* example_AppStoreMusic.app */ = {isa = PBXFileReference; explicitFileType = wrapper.application; includeInIndex = 0; path = example_AppStoreMusic.app; sourceTree = BUILT_PRODUCTS_DIR; };
		26EB2A1329D55AA800AD7962 /* AppDelegate.swift */ = {isa = PBXFileReference; lastKnownFileType = sourcecode.swift; path = AppDelegate.swift; sourceTree = "<group>"; };
		26EB2A1529D55AA800AD7962 /* SceneDelegate.swift */ = {isa = PBXFileReference; lastKnownFileType = sourcecode.swift; path = SceneDelegate.swift; sourceTree = "<group>"; };
		26EB2A1729D55AA800AD7962 /* ViewController.swift */ = {isa = PBXFileReference; lastKnownFileType = sourcecode.swift; path = ViewController.swift; sourceTree = "<group>"; };
		26EB2A1A29D55AA800AD7962 /* Base */ = {isa = PBXFileReference; lastKnownFileType = file.storyboard; name = Base; path = Base.lproj/Main.storyboard; sourceTree = "<group>"; };
		26EB2A1C29D55AAB00AD7962 /* Assets.xcassets */ = {isa = PBXFileReference; lastKnownFileType = folder.assetcatalog; path = Assets.xcassets; sourceTree = "<group>"; };
		26EB2A1F29D55AAB00AD7962 /* Base */ = {isa = PBXFileReference; lastKnownFileType = file.storyboard; name = Base; path = Base.lproj/LaunchScreen.storyboard; sourceTree = "<group>"; };
		26EB2A2129D55AAB00AD7962 /* Info.plist */ = {isa = PBXFileReference; lastKnownFileType = text.plist.xml; path = Info.plist; sourceTree = "<group>"; };
		26EB2A2729D55D0D00AD7962 /* MyMusicCell.swift */ = {isa = PBXFileReference; lastKnownFileType = sourcecode.swift; path = MyMusicCell.swift; sourceTree = "<group>"; };
		26EB2A2829D55D0D00AD7962 /* MyMusicCell.xib */ = {isa = PBXFileReference; lastKnownFileType = file.xib; path = MyMusicCell.xib; sourceTree = "<group>"; };
		26EB2A2B29D5613200AD7962 /* NetworkManager.swift */ = {isa = PBXFileReference; lastKnownFileType = sourcecode.swift; path = NetworkManager.swift; sourceTree = "<group>"; };
		26EB2A2D29D56BAA00AD7962 /* Music.swift */ = {isa = PBXFileReference; lastKnownFileType = sourcecode.swift; path = Music.swift; sourceTree = "<group>"; };
		26EB2A2F29D5830400AD7962 /* SearchResultCollectionViewController.swift */ = {isa = PBXFileReference; lastKnownFileType = sourcecode.swift; path = SearchResultCollectionViewController.swift; sourceTree = "<group>"; };
		26EB2A3129D5831600AD7962 /* MusicCollectionViewCell.swift */ = {isa = PBXFileReference; lastKnownFileType = sourcecode.swift; path = MusicCollectionViewCell.swift; sourceTree = "<group>"; };
/* End PBXFileReference section */

/* Begin PBXFrameworksBuildPhase section */
		26EB2A0D29D55AA800AD7962 /* Frameworks */ = {
			isa = PBXFrameworksBuildPhase;
			buildActionMask = 2147483647;
			files = (
			);
			runOnlyForDeploymentPostprocessing = 0;
		};
/* End PBXFrameworksBuildPhase section */

/* Begin PBXGroup section */
		26EB2A0729D55AA800AD7962 = {
			isa = PBXGroup;
			children = (
				26EB2A1229D55AA800AD7962 /* example_AppStoreMusic */,
				26EB2A1129D55AA800AD7962 /* Products */,
			);
			sourceTree = "<group>";
		};
		26EB2A1129D55AA800AD7962 /* Products */ = {
			isa = PBXGroup;
			children = (
				26EB2A1029D55AA800AD7962 /* example_AppStoreMusic.app */,
			);
			name = Products;
			sourceTree = "<group>";
		};
		26EB2A1229D55AA800AD7962 /* example_AppStoreMusic */ = {
			isa = PBXGroup;
			children = (
				26EB2A1329D55AA800AD7962 /* AppDelegate.swift */,
				26EB2A1529D55AA800AD7962 /* SceneDelegate.swift */,
				26EB2A1729D55AA800AD7962 /* ViewController.swift */,
				26EB2A2F29D5830400AD7962 /* SearchResultCollectionViewController.swift */,
				26EB2A3129D5831600AD7962 /* MusicCollectionViewCell.swift */,
				26EB2A1929D55AA800AD7962 /* Main.storyboard */,
				26EB2A2729D55D0D00AD7962 /* MyMusicCell.swift */,
				26EB2A2829D55D0D00AD7962 /* MyMusicCell.xib */,
				26EB2A1C29D55AAB00AD7962 /* Assets.xcassets */,
				26EB2A1E29D55AAB00AD7962 /* LaunchScreen.storyboard */,
				26EB2A2129D55AAB00AD7962 /* Info.plist */,
				26EB2A2B29D5613200AD7962 /* NetworkManager.swift */,
				26EB2A2D29D56BAA00AD7962 /* Music.swift */,
			);
			path = example_AppStoreMusic;
			sourceTree = "<group>";
		};
/* End PBXGroup section */

/* Begin PBXNativeTarget section */
		26EB2A0F29D55AA800AD7962 /* example_AppStoreMusic */ = {
			isa = PBXNativeTarget;
			buildConfigurationList = 26EB2A2429D55AAB00AD7962 /* Build configuration list for PBXNativeTarget "example_AppStoreMusic" */;
			buildPhases = (
				26EB2A0C29D55AA800AD7962 /* Sources */,
				26EB2A0D29D55AA800AD7962 /* Frameworks */,
				26EB2A0E29D55AA800AD7962 /* Resources */,
			);
			buildRules = (
			);
			dependencies = (
			);
			name = example_AppStoreMusic;
			productName = example_AppStoreMusic;
			productReference = 26EB2A1029D55AA800AD7962 /* example_AppStoreMusic.app */;
			productType = "com.apple.product-type.application";
		};
/* End PBXNativeTarget section */

/* Begin PBXProject section */
		26EB2A0829D55AA800AD7962 /* Project object */ = {
			isa = PBXProject;
			attributes = {
				BuildIndependentTargetsInParallel = 1;
				LastSwiftUpdateCheck = 1420;
				LastUpgradeCheck = 1420;
				TargetAttributes = {
					26EB2A0F29D55AA800AD7962 = {
						CreatedOnToolsVersion = 14.2;
					};
				};
			};
			buildConfigurationList = 26EB2A0B29D55AA800AD7962 /* Build configuration list for PBXProject "example_AppStoreMusic" */;
			compatibilityVersion = "Xcode 14.0";
			developmentRegion = en;
			hasScannedForEncodings = 0;
			knownRegions = (
				en,
				Base,
			);
			mainGroup = 26EB2A0729D55AA800AD7962;
			productRefGroup = 26EB2A1129D55AA800AD7962 /* Products */;
			projectDirPath = "";
			projectRoot = "";
			targets = (
				26EB2A0F29D55AA800AD7962 /* example_AppStoreMusic */,
			);
		};
/* End PBXProject section */

/* Begin PBXResourcesBuildPhase section */
		26EB2A0E29D55AA800AD7962 /* Resources */ = {
			isa = PBXResourcesBuildPhase;
			buildActionMask = 2147483647;
			files = (
				26EB2A2029D55AAB00AD7962 /* LaunchScreen.storyboard in Resources */,
				26EB2A1D29D55AAB00AD7962 /* Assets.xcassets in Resources */,
				26EB2A1B29D55AA800AD7962 /* Main.storyboard in Resources */,
				26EB2A2A29D55D0D00AD7962 /* MyMusicCell.xib in Resources */,
			);
			runOnlyForDeploymentPostprocessing = 0;
		};
/* End PBXResourcesBuildPhase section */

/* Begin PBXSourcesBuildPhase section */
		26EB2A0C29D55AA800AD7962 /* Sources */ = {
			isa = PBXSourcesBuildPhase;
			buildActionMask = 2147483647;
			files = (
				26EB2A3229D5831600AD7962 /* MusicCollectionViewCell.swift in Sources */,
				26EB2A1829D55AA800AD7962 /* ViewController.swift in Sources */,
				26EB2A1429D55AA800AD7962 /* AppDelegate.swift in Sources */,
				26EB2A3029D5830400AD7962 /* SearchResultCollectionViewController.swift in Sources */,
				26EB2A2C29D5613200AD7962 /* NetworkManager.swift in Sources */,
				26EB2A1629D55AA800AD7962 /* SceneDelegate.swift in Sources */,
				26EB2A2929D55D0D00AD7962 /* MyMusicCell.swift in Sources */,
				26EB2A2E29D56BAA00AD7962 /* Music.swift in Sources */,
			);
			runOnlyForDeploymentPostprocessing = 0;
		};
/* End PBXSourcesBuildPhase section */

/* Begin PBXVariantGroup section */
		26EB2A1929D55AA800AD7962 /* Main.storyboard */ = {
			isa = PBXVariantGroup;
			children = (
				26EB2A1A29D55AA800AD7962 /* Base */,
			);
			name = Main.storyboard;
			sourceTree = "<group>";
		};
		26EB2A1E29D55AAB00AD7962 /* LaunchScreen.storyboard */ = {
			isa = PBXVariantGroup;
			children = (
				26EB2A1F29D55AAB00AD7962 /* Base */,
			);
			name = LaunchScreen.storyboard;
			sourceTree = "<group>";
		};
/* End PBXVariantGroup section */

/* Begin XCBuildConfiguration section */
		26EB2A2229D55AAB00AD7962 /* Debug */ = {
			isa = XCBuildConfiguration;
			buildSettings = {
				ALWAYS_SEARCH_USER_PATHS = NO;
				CLANG_ANALYZER_NONNULL = YES;
				CLANG_ANALYZER_NUMBER_OBJECT_CONVERSION = YES_AGGRESSIVE;
				CLANG_CXX_LANGUAGE_STANDARD = "gnu++20";
				CLANG_ENABLE_MODULES = YES;
				CLANG_ENABLE_OBJC_ARC = YES;
				CLANG_ENABLE_OBJC_WEAK = YES;
				CLANG_WARN_BLOCK_CAPTURE_AUTORELEASING = YES;
				CLANG_WARN_BOOL_CONVERSION = YES;
				CLANG_WARN_COMMA = YES;
				CLANG_WARN_CONSTANT_CONVERSION = YES;
				CLANG_WARN_DEPRECATED_OBJC_IMPLEMENTATIONS = YES;
				CLANG_WARN_DIRECT_OBJC_ISA_USAGE = YES_ERROR;
				CLANG_WARN_DOCUMENTATION_COMMENTS = YES;
				CLANG_WARN_EMPTY_BODY = YES;
				CLANG_WARN_ENUM_CONVERSION = YES;
				CLANG_WARN_INFINITE_RECURSION = YES;
				CLANG_WARN_INT_CONVERSION = YES;
				CLANG_WARN_NON_LITERAL_NULL_CONVERSION = YES;
				CLANG_WARN_OBJC_IMPLICIT_RETAIN_SELF = YES;
				CLANG_WARN_OBJC_LITERAL_CONVERSION = YES;
				CLANG_WARN_OBJC_ROOT_CLASS = YES_ERROR;
				CLANG_WARN_QUOTED_INCLUDE_IN_FRAMEWORK_HEADER = YES;
				CLANG_WARN_RANGE_LOOP_ANALYSIS = YES;
				CLANG_WARN_STRICT_PROTOTYPES = YES;
				CLANG_WARN_SUSPICIOUS_MOVE = YES;
				CLANG_WARN_UNGUARDED_AVAILABILITY = YES_AGGRESSIVE;
				CLANG_WARN_UNREACHABLE_CODE = YES;
				CLANG_WARN__DUPLICATE_METHOD_MATCH = YES;
				COPY_PHASE_STRIP = NO;
				DEBUG_INFORMATION_FORMAT = dwarf;
				ENABLE_STRICT_OBJC_MSGSEND = YES;
				ENABLE_TESTABILITY = YES;
				GCC_C_LANGUAGE_STANDARD = gnu11;
				GCC_DYNAMIC_NO_PIC = NO;
				GCC_NO_COMMON_BLOCKS = YES;
				GCC_OPTIMIZATION_LEVEL = 0;
				GCC_PREPROCESSOR_DEFINITIONS = (
					"DEBUG=1",
					"$(inherited)",
				);
				GCC_WARN_64_TO_32_BIT_CONVERSION = YES;
				GCC_WARN_ABOUT_RETURN_TYPE = YES_ERROR;
				GCC_WARN_UNDECLARED_SELECTOR = YES;
				GCC_WARN_UNINITIALIZED_AUTOS = YES_AGGRESSIVE;
				GCC_WARN_UNUSED_FUNCTION = YES;
				GCC_WARN_UNUSED_VARIABLE = YES;
				IPHONEOS_DEPLOYMENT_TARGET = 16.2;
				MTL_ENABLE_DEBUG_INFO = INCLUDE_SOURCE;
				MTL_FAST_MATH = YES;
				ONLY_ACTIVE_ARCH = YES;
				SDKROOT = iphoneos;
				SWIFT_ACTIVE_COMPILATION_CONDITIONS = DEBUG;
				SWIFT_OPTIMIZATION_LEVEL = "-Onone";
			};
			name = Debug;
		};
		26EB2A2329D55AAB00AD7962 /* Release */ = {
			isa = XCBuildConfiguration;
			buildSettings = {
				ALWAYS_SEARCH_USER_PATHS = NO;
				CLANG_ANALYZER_NONNULL = YES;
				CLANG_ANALYZER_NUMBER_OBJECT_CONVERSION = YES_AGGRESSIVE;
				CLANG_CXX_LANGUAGE_STANDARD = "gnu++20";
				CLANG_ENABLE_MODULES = YES;
				CLANG_ENABLE_OBJC_ARC = YES;
				CLANG_ENABLE_OBJC_WEAK = YES;
				CLANG_WARN_BLOCK_CAPTURE_AUTORELEASING = YES;
				CLANG_WARN_BOOL_CONVERSION = YES;
				CLANG_WARN_COMMA = YES;
				CLANG_WARN_CONSTANT_CONVERSION = YES;
				CLANG_WARN_DEPRECATED_OBJC_IMPLEMENTATIONS = YES;
				CLANG_WARN_DIRECT_OBJC_ISA_USAGE = YES_ERROR;
				CLANG_WARN_DOCUMENTATION_COMMENTS = YES;
				CLANG_WARN_EMPTY_BODY = YES;
				CLANG_WARN_ENUM_CONVERSION = YES;
				CLANG_WARN_INFINITE_RECURSION = YES;
				CLANG_WARN_INT_CONVERSION = YES;
				CLANG_WARN_NON_LITERAL_NULL_CONVERSION = YES;
				CLANG_WARN_OBJC_IMPLICIT_RETAIN_SELF = YES;
				CLANG_WARN_OBJC_LITERAL_CONVERSION = YES;
				CLANG_WARN_OBJC_ROOT_CLASS = YES_ERROR;
				CLANG_WARN_QUOTED_INCLUDE_IN_FRAMEWORK_HEADER = YES;
				CLANG_WARN_RANGE_LOOP_ANALYSIS = YES;
				CLANG_WARN_STRICT_PROTOTYPES = YES;
				CLANG_WARN_SUSPICIOUS_MOVE = YES;
				CLANG_WARN_UNGUARDED_AVAILABILITY = YES_AGGRESSIVE;
				CLANG_WARN_UNREACHABLE_CODE = YES;
				CLANG_WARN__DUPLICATE_METHOD_MATCH = YES;
				COPY_PHASE_STRIP = NO;
				DEBUG_INFORMATION_FORMAT = "dwarf-with-dsym";
				ENABLE_NS_ASSERTIONS = NO;
				ENABLE_STRICT_OBJC_MSGSEND = YES;
				GCC_C_LANGUAGE_STANDARD = gnu11;
				GCC_NO_COMMON_BLOCKS = YES;
				GCC_WARN_64_TO_32_BIT_CONVERSION = YES;
				GCC_WARN_ABOUT_RETURN_TYPE = YES_ERROR;
				GCC_WARN_UNDECLARED_SELECTOR = YES;
				GCC_WARN_UNINITIALIZED_AUTOS = YES_AGGRESSIVE;
				GCC_WARN_UNUSED_FUNCTION = YES;
				GCC_WARN_UNUSED_VARIABLE = YES;
				IPHONEOS_DEPLOYMENT_TARGET = 16.2;
				MTL_ENABLE_DEBUG_INFO = NO;
				MTL_FAST_MATH = YES;
				SDKROOT = iphoneos;
				SWIFT_COMPILATION_MODE = wholemodule;
				SWIFT_OPTIMIZATION_LEVEL = "-O";
				VALIDATE_PRODUCT = YES;
			};
			name = Release;
		};
		26EB2A2529D55AAB00AD7962 /* Debug */ = {
			isa = XCBuildConfiguration;
			buildSettings = {
				ASSETCATALOG_COMPILER_APPICON_NAME = AppIcon;
				ASSETCATALOG_COMPILER_GLOBAL_ACCENT_COLOR_NAME = AccentColor;
				CODE_SIGN_STYLE = Automatic;
				CURRENT_PROJECT_VERSION = 1;
				GENERATE_INFOPLIST_FILE = YES;
				INFOPLIST_FILE = example_AppStoreMusic/Info.plist;
				INFOPLIST_KEY_UIApplicationSupportsIndirectInputEvents = YES;
				INFOPLIST_KEY_UILaunchStoryboardName = LaunchScreen;
				INFOPLIST_KEY_UIMainStoryboardFile = Main;
				INFOPLIST_KEY_UISupportedInterfaceOrientations_iPad = "UIInterfaceOrientationPortrait UIInterfaceOrientationPortraitUpsideDown UIInterfaceOrientationLandscapeLeft UIInterfaceOrientationLandscapeRight";
				INFOPLIST_KEY_UISupportedInterfaceOrientations_iPhone = "UIInterfaceOrientationPortrait UIInterfaceOrientationLandscapeLeft UIInterfaceOrientationLandscapeRight";
				LD_RUNPATH_SEARCH_PATHS = (
					"$(inherited)",
					"@executable_path/Frameworks",
				);
				MARKETING_VERSION = 1.0;
				PRODUCT_BUNDLE_IDENTIFIER = "com.present.example-AppStoreMusic";
				PRODUCT_NAME = "$(TARGET_NAME)";
				SWIFT_EMIT_LOC_STRINGS = YES;
				SWIFT_VERSION = 5.0;
				TARGETED_DEVICE_FAMILY = "1,2";
			};
			name = Debug;
		};
		26EB2A2629D55AAB00AD7962 /* Release */ = {
			isa = XCBuildConfiguration;
			buildSettings = {
				ASSETCATALOG_COMPILER_APPICON_NAME = AppIcon;
				ASSETCATALOG_COMPILER_GLOBAL_ACCENT_COLOR_NAME = AccentColor;
				CODE_SIGN_STYLE = Automatic;
				CURRENT_PROJECT_VERSION = 1;
				GENERATE_INFOPLIST_FILE = YES;
				INFOPLIST_FILE = example_AppStoreMusic/Info.plist;
				INFOPLIST_KEY_UIApplicationSupportsIndirectInputEvents = YES;
				INFOPLIST_KEY_UILaunchStoryboardName = LaunchScreen;
				INFOPLIST_KEY_UIMainStoryboardFile = Main;
				INFOPLIST_KEY_UISupportedInterfaceOrientations_iPad = "UIInterfaceOrientationPortrait UIInterfaceOrientationPortraitUpsideDown UIInterfaceOrientationLandscapeLeft UIInterfaceOrientationLandscapeRight";
				INFOPLIST_KEY_UISupportedInterfaceOrientations_iPhone = "UIInterfaceOrientationPortrait UIInterfaceOrientationLandscapeLeft UIInterfaceOrientationLandscapeRight";
				LD_RUNPATH_SEARCH_PATHS = (
					"$(inherited)",
					"@executable_path/Frameworks",
				);
				MARKETING_VERSION = 1.0;
				PRODUCT_BUNDLE_IDENTIFIER = "com.present.example-AppStoreMusic";
				PRODUCT_NAME = "$(TARGET_NAME)";
				SWIFT_EMIT_LOC_STRINGS = YES;
				SWIFT_VERSION = 5.0;
				TARGETED_DEVICE_FAMILY = "1,2";
			};
			name = Release;
		};
/* End XCBuildConfiguration section */

/* Begin XCConfigurationList section */
		26EB2A0B29D55AA800AD7962 /* Build configuration list for PBXProject "example_AppStoreMusic" */ = {
			isa = XCConfigurationList;
			buildConfigurations = (
				26EB2A2229D55AAB00AD7962 /* Debug */,
				26EB2A2329D55AAB00AD7962 /* Release */,
			);
			defaultConfigurationIsVisible = 0;
			defaultConfigurationName = Release;
		};
		26EB2A2429D55AAB00AD7962 /* Build configuration list for PBXNativeTarget "example_AppStoreMusic" */ = {
			isa = XCConfigurationList;
			buildConfigurations = (
				26EB2A2529D55AAB00AD7962 /* Debug */,
				26EB2A2629D55AAB00AD7962 /* Release */,
			);
			defaultConfigurationIsVisible = 0;
			defaultConfigurationName = Release;
		};
/* End XCConfigurationList section */
	};
	rootObject = 26EB2A0829D55AA800AD7962 /* Project object */;
}
