// !$*UTF8*$!
{
	archiveVersion = 1;
	classes = {
	};
	objectVersion = 56;
	objects = {

/* Begin PBXBuildFile section */
		26C8D11329DD11930034993B /* DetailViewController.swift in Sources */ = {isa = PBXBuildFile; fileRef = 26C8D11229DD11930034993B /* DetailViewController.swift */; };
		26F7AAB829D8089B00B1029C /* AppDelegate.swift in Sources */ = {isa = PBXBuildFile; fileRef = 26F7AAB729D8089B00B1029C /* AppDelegate.swift */; };
		26F7AABA29D8089B00B1029C /* SceneDelegate.swift in Sources */ = {isa = PBXBuildFile; fileRef = 26F7AAB929D8089B00B1029C /* SceneDelegate.swift */; };
		26F7AABC29D8089B00B1029C /* ViewController.swift in Sources */ = {isa = PBXBuildFile; fileRef = 26F7AABB29D8089B00B1029C /* ViewController.swift */; };
		26F7AABF29D8089B00B1029C /* Main.storyboard in Resources */ = {isa = PBXBuildFile; fileRef = 26F7AABD29D8089B00B1029C /* Main.storyboard */; };
		26F7AAC129D8089D00B1029C /* Assets.xcassets in Resources */ = {isa = PBXBuildFile; fileRef = 26F7AAC029D8089D00B1029C /* Assets.xcassets */; };
		26F7AAC429D8089D00B1029C /* LaunchScreen.storyboard in Resources */ = {isa = PBXBuildFile; fileRef = 26F7AAC229D8089D00B1029C /* LaunchScreen.storyboard */; };
		26F7AACC29D81AE900B1029C /* CollectionViewCell.swift in Sources */ = {isa = PBXBuildFile; fileRef = 26F7AACB29D81AE900B1029C /* CollectionViewCell.swift */; };
		26F7AAD629D82CDA00B1029C /* NetWorkManager.swift in Sources */ = {isa = PBXBuildFile; fileRef = 26F7AAD529D82CDA00B1029C /* NetWorkManager.swift */; };
		26F7AAD829D82E2600B1029C /* AppStoreModel.swift in Sources */ = {isa = PBXBuildFile; fileRef = 26F7AAD729D82E2600B1029C /* AppStoreModel.swift */; };
/* End PBXBuildFile section */

/* Begin PBXFileReference section */
		26C8D11229DD11930034993B /* DetailViewController.swift */ = {isa = PBXFileReference; lastKnownFileType = sourcecode.swift; path = DetailViewController.swift; sourceTree = "<group>"; };
		26F7AAB429D8089B00B1029C /* example_iTunesAPI_part2.app */ = {isa = PBXFileReference; explicitFileType = wrapper.application; includeInIndex = 0; path = example_iTunesAPI_part2.app; sourceTree = BUILT_PRODUCTS_DIR; };
		26F7AAB729D8089B00B1029C /* AppDelegate.swift */ = {isa = PBXFileReference; lastKnownFileType = sourcecode.swift; path = AppDelegate.swift; sourceTree = "<group>"; };
		26F7AAB929D8089B00B1029C /* SceneDelegate.swift */ = {isa = PBXFileReference; lastKnownFileType = sourcecode.swift; path = SceneDelegate.swift; sourceTree = "<group>"; };
		26F7AABB29D8089B00B1029C /* ViewController.swift */ = {isa = PBXFileReference; lastKnownFileType = sourcecode.swift; path = ViewController.swift; sourceTree = "<group>"; };
		26F7AABE29D8089B00B1029C /* Base */ = {isa = PBXFileReference; lastKnownFileType = file.storyboard; name = Base; path = Base.lproj/Main.storyboard; sourceTree = "<group>"; };
		26F7AAC029D8089D00B1029C /* Assets.xcassets */ = {isa = PBXFileReference; lastKnownFileType = folder.assetcatalog; path = Assets.xcassets; sourceTree = "<group>"; };
		26F7AAC329D8089D00B1029C /* Base */ = {isa = PBXFileReference; lastKnownFileType = file.storyboard; name = Base; path = Base.lproj/LaunchScreen.storyboard; sourceTree = "<group>"; };
		26F7AAC529D8089D00B1029C /* Info.plist */ = {isa = PBXFileReference; lastKnownFileType = text.plist.xml; path = Info.plist; sourceTree = "<group>"; };
		26F7AACB29D81AE900B1029C /* CollectionViewCell.swift */ = {isa = PBXFileReference; lastKnownFileType = sourcecode.swift; path = CollectionViewCell.swift; sourceTree = "<group>"; };
		26F7AAD529D82CDA00B1029C /* NetWorkManager.swift */ = {isa = PBXFileReference; lastKnownFileType = sourcecode.swift; path = NetWorkManager.swift; sourceTree = "<group>"; };
		26F7AAD729D82E2600B1029C /* AppStoreModel.swift */ = {isa = PBXFileReference; lastKnownFileType = sourcecode.swift; path = AppStoreModel.swift; sourceTree = "<group>"; };
/* End PBXFileReference section */

/* Begin PBXFrameworksBuildPhase section */
		26F7AAB129D8089B00B1029C /* Frameworks */ = {
			isa = PBXFrameworksBuildPhase;
			buildActionMask = 2147483647;
			files = (
			);
			runOnlyForDeploymentPostprocessing = 0;
		};
/* End PBXFrameworksBuildPhase section */

/* Begin PBXGroup section */
		26F7AAAB29D8089B00B1029C = {
			isa = PBXGroup;
			children = (
				26F7AAB629D8089B00B1029C /* example_iTunesAPI_part2 */,
				26F7AAB529D8089B00B1029C /* Products */,
			);
			sourceTree = "<group>";
		};
		26F7AAB529D8089B00B1029C /* Products */ = {
			isa = PBXGroup;
			children = (
				26F7AAB429D8089B00B1029C /* example_iTunesAPI_part2.app */,
			);
			name = Products;
			sourceTree = "<group>";
		};
		26F7AAB629D8089B00B1029C /* example_iTunesAPI_part2 */ = {
			isa = PBXGroup;
			children = (
				26F7AAB729D8089B00B1029C /* AppDelegate.swift */,
				26F7AAB929D8089B00B1029C /* SceneDelegate.swift */,
				26F7AAD229D82C5F00B1029C /* Model */,
				26F7AAD029D82C5800B1029C /* Controller */,
				26F7AAD329D82C8C00B1029C /* Cell */,
				26F7AACF29D82C5300B1029C /* View */,
				26F7AAC029D8089D00B1029C /* Assets.xcassets */,
				26F7AAC529D8089D00B1029C /* Info.plist */,
			);
			path = example_iTunesAPI_part2;
			sourceTree = "<group>";
		};
		26F7AACF29D82C5300B1029C /* View */ = {
			isa = PBXGroup;
			children = (
				26F7AABD29D8089B00B1029C /* Main.storyboard */,
				26F7AAC229D8089D00B1029C /* LaunchScreen.storyboard */,
			);
			path = View;
			sourceTree = "<group>";
		};
		26F7AAD029D82C5800B1029C /* Controller */ = {
			isa = PBXGroup;
			children = (
				26F7AABB29D8089B00B1029C /* ViewController.swift */,
				26C8D11229DD11930034993B /* DetailViewController.swift */,
			);
			path = Controller;
			sourceTree = "<group>";
		};
		26F7AAD229D82C5F00B1029C /* Model */ = {
			isa = PBXGroup;
			children = (
				26F7AAD429D82CA300B1029C /* networkManager */,
				26F7AAD729D82E2600B1029C /* AppStoreModel.swift */,
			);
			path = Model;
			sourceTree = "<group>";
		};
		26F7AAD329D82C8C00B1029C /* Cell */ = {
			isa = PBXGroup;
			children = (
				26F7AACB29D81AE900B1029C /* CollectionViewCell.swift */,
			);
			path = Cell;
			sourceTree = "<group>";
		};
		26F7AAD429D82CA300B1029C /* networkManager */ = {
			isa = PBXGroup;
			children = (
				26F7AAD529D82CDA00B1029C /* NetWorkManager.swift */,
			);
			path = networkManager;
			sourceTree = "<group>";
		};
/* End PBXGroup section */

/* Begin PBXNativeTarget section */
		26F7AAB329D8089B00B1029C /* example_iTunesAPI_part2 */ = {
			isa = PBXNativeTarget;
			buildConfigurationList = 26F7AAC829D8089D00B1029C /* Build configuration list for PBXNativeTarget "example_iTunesAPI_part2" */;
			buildPhases = (
				26F7AAB029D8089B00B1029C /* Sources */,
				26F7AAB129D8089B00B1029C /* Frameworks */,
				26F7AAB229D8089B00B1029C /* Resources */,
			);
			buildRules = (
			);
			dependencies = (
			);
			name = example_iTunesAPI_part2;
			productName = example_iTunesAPI_part2;
			productReference = 26F7AAB429D8089B00B1029C /* example_iTunesAPI_part2.app */;
			productType = "com.apple.product-type.application";
		};
/* End PBXNativeTarget section */

/* Begin PBXProject section */
		26F7AAAC29D8089B00B1029C /* Project object */ = {
			isa = PBXProject;
			attributes = {
				BuildIndependentTargetsInParallel = 1;
				LastSwiftUpdateCheck = 1420;
				LastUpgradeCheck = 1420;
				TargetAttributes = {
					26F7AAB329D8089B00B1029C = {
						CreatedOnToolsVersion = 14.2;
					};
				};
			};
			buildConfigurationList = 26F7AAAF29D8089B00B1029C /* Build configuration list for PBXProject "example_iTunesAPI_part2" */;
			compatibilityVersion = "Xcode 14.0";
			developmentRegion = en;
			hasScannedForEncodings = 0;
			knownRegions = (
				en,
				Base,
			);
			mainGroup = 26F7AAAB29D8089B00B1029C;
			productRefGroup = 26F7AAB529D8089B00B1029C /* Products */;
			projectDirPath = "";
			projectRoot = "";
			targets = (
				26F7AAB329D8089B00B1029C /* example_iTunesAPI_part2 */,
			);
		};
/* End PBXProject section */

/* Begin PBXResourcesBuildPhase section */
		26F7AAB229D8089B00B1029C /* Resources */ = {
			isa = PBXResourcesBuildPhase;
			buildActionMask = 2147483647;
			files = (
				26F7AAC429D8089D00B1029C /* LaunchScreen.storyboard in Resources */,
				26F7AAC129D8089D00B1029C /* Assets.xcassets in Resources */,
				26F7AABF29D8089B00B1029C /* Main.storyboard in Resources */,
			);
			runOnlyForDeploymentPostprocessing = 0;
		};
/* End PBXResourcesBuildPhase section */

/* Begin PBXSourcesBuildPhase section */
		26F7AAB029D8089B00B1029C /* Sources */ = {
			isa = PBXSourcesBuildPhase;
			buildActionMask = 2147483647;
			files = (
				26F7AAD629D82CDA00B1029C /* NetWorkManager.swift in Sources */,
				26F7AABC29D8089B00B1029C /* ViewController.swift in Sources */,
				26F7AAB829D8089B00B1029C /* AppDelegate.swift in Sources */,
				26F7AAD829D82E2600B1029C /* AppStoreModel.swift in Sources */,
				26F7AACC29D81AE900B1029C /* CollectionViewCell.swift in Sources */,
				26F7AABA29D8089B00B1029C /* SceneDelegate.swift in Sources */,
				26C8D11329DD11930034993B /* DetailViewController.swift in Sources */,
			);
			runOnlyForDeploymentPostprocessing = 0;
		};
/* End PBXSourcesBuildPhase section */

/* Begin PBXVariantGroup section */
		26F7AABD29D8089B00B1029C /* Main.storyboard */ = {
			isa = PBXVariantGroup;
			children = (
				26F7AABE29D8089B00B1029C /* Base */,
			);
			name = Main.storyboard;
			sourceTree = "<group>";
		};
		26F7AAC229D8089D00B1029C /* LaunchScreen.storyboard */ = {
			isa = PBXVariantGroup;
			children = (
				26F7AAC329D8089D00B1029C /* Base */,
			);
			name = LaunchScreen.storyboard;
			sourceTree = "<group>";
		};
/* End PBXVariantGroup section */

/* Begin XCBuildConfiguration section */
		26F7AAC629D8089D00B1029C /* Debug */ = {
			isa = XCBuildConfiguration;
			buildSettings = {
				ALWAYS_SEARCH_USER_PATHS = NO;
				CLANG_ANALYZER_LOCALIZABILITY_NONLOCALIZED = YES;
				CLANG_ANALYZER_NONNULL = YES;
				CLANG_ANALYZER_NUMBER_OBJECT_CONVERSION = YES_AGGRESSIVE;
				CLANG_CXX_LANGUAGE_STANDARD = "gnu++20";
				CLANG_ENABLE_MODULES = YES;
				CLANG_ENABLE_OBJC_ARC = YES;
				CLANG_ENABLE_OBJC_WEAK = YES;
				CLANG_WARN_BLOCK_CAPTURE_AUTORELEASING = YES;
				CLANG_WARN_BOOL_CONVERSION = YES;
				CLANG_WARN_COMMA = YES;
				CLANG_WARN_CONSTANT_CONVERSION = YES;
				CLANG_WARN_DEPRECATED_OBJC_IMPLEMENTATIONS = YES;
				CLANG_WARN_DIRECT_OBJC_ISA_USAGE = YES_ERROR;
				CLANG_WARN_DOCUMENTATION_COMMENTS = YES;
				CLANG_WARN_EMPTY_BODY = YES;
				CLANG_WARN_ENUM_CONVERSION = YES;
				CLANG_WARN_INFINITE_RECURSION = YES;
				CLANG_WARN_INT_CONVERSION = YES;
				CLANG_WARN_NON_LITERAL_NULL_CONVERSION = YES;
				CLANG_WARN_OBJC_IMPLICIT_RETAIN_SELF = YES;
				CLANG_WARN_OBJC_LITERAL_CONVERSION = YES;
				CLANG_WARN_OBJC_ROOT_CLASS = YES_ERROR;
				CLANG_WARN_QUOTED_INCLUDE_IN_FRAMEWORK_HEADER = YES;
				CLANG_WARN_RANGE_LOOP_ANALYSIS = YES;
				CLANG_WARN_STRICT_PROTOTYPES = YES;
				CLANG_WARN_SUSPICIOUS_MOVE = YES;
				CLANG_WARN_UNGUARDED_AVAILABILITY = YES_AGGRESSIVE;
				CLANG_WARN_UNREACHABLE_CODE = YES;
				CLANG_WARN__DUPLICATE_METHOD_MATCH = YES;
				COPY_PHASE_STRIP = NO;
				DEBUG_INFORMATION_FORMAT = dwarf;
				ENABLE_STRICT_OBJC_MSGSEND = YES;
				ENABLE_TESTABILITY = YES;
				GCC_C_LANGUAGE_STANDARD = gnu11;
				GCC_DYNAMIC_NO_PIC = NO;
				GCC_NO_COMMON_BLOCKS = YES;
				GCC_OPTIMIZATION_LEVEL = 0;
				GCC_PREPROCESSOR_DEFINITIONS = (
					"DEBUG=1",
					"$(inherited)",
				);
				GCC_WARN_64_TO_32_BIT_CONVERSION = YES;
				GCC_WARN_ABOUT_RETURN_TYPE = YES_ERROR;
				GCC_WARN_UNDECLARED_SELECTOR = YES;
				GCC_WARN_UNINITIALIZED_AUTOS = YES_AGGRESSIVE;
				GCC_WARN_UNUSED_FUNCTION = YES;
				GCC_WARN_UNUSED_VARIABLE = YES;
				IPHONEOS_DEPLOYMENT_TARGET = 16.2;
				MTL_ENABLE_DEBUG_INFO = INCLUDE_SOURCE;
				MTL_FAST_MATH = YES;
				ONLY_ACTIVE_ARCH = YES;
				SDKROOT = iphoneos;
				SWIFT_ACTIVE_COMPILATION_CONDITIONS = DEBUG;
				SWIFT_OPTIMIZATION_LEVEL = "-Onone";
			};
			name = Debug;
		};
		26F7AAC729D8089D00B1029C /* Release */ = {
			isa = XCBuildConfiguration;
			buildSettings = {
				ALWAYS_SEARCH_USER_PATHS = NO;
				CLANG_ANALYZER_LOCALIZABILITY_NONLOCALIZED = YES;
				CLANG_ANALYZER_NONNULL = YES;
				CLANG_ANALYZER_NUMBER_OBJECT_CONVERSION = YES_AGGRESSIVE;
				CLANG_CXX_LANGUAGE_STANDARD = "gnu++20";
				CLANG_ENABLE_MODULES = YES;
				CLANG_ENABLE_OBJC_ARC = YES;
				CLANG_ENABLE_OBJC_WEAK = YES;
				CLANG_WARN_BLOCK_CAPTURE_AUTORELEASING = YES;
				CLANG_WARN_BOOL_CONVERSION = YES;
				CLANG_WARN_COMMA = YES;
				CLANG_WARN_CONSTANT_CONVERSION = YES;
				CLANG_WARN_DEPRECATED_OBJC_IMPLEMENTATIONS = YES;
				CLANG_WARN_DIRECT_OBJC_ISA_USAGE = YES_ERROR;
				CLANG_WARN_DOCUMENTATION_COMMENTS = YES;
				CLANG_WARN_EMPTY_BODY = YES;
				CLANG_WARN_ENUM_CONVERSION = YES;
				CLANG_WARN_INFINITE_RECURSION = YES;
				CLANG_WARN_INT_CONVERSION = YES;
				CLANG_WARN_NON_LITERAL_NULL_CONVERSION = YES;
				CLANG_WARN_OBJC_IMPLICIT_RETAIN_SELF = YES;
				CLANG_WARN_OBJC_LITERAL_CONVERSION = YES;
				CLANG_WARN_OBJC_ROOT_CLASS = YES_ERROR;
				CLANG_WARN_QUOTED_INCLUDE_IN_FRAMEWORK_HEADER = YES;
				CLANG_WARN_RANGE_LOOP_ANALYSIS = YES;
				CLANG_WARN_STRICT_PROTOTYPES = YES;
				CLANG_WARN_SUSPICIOUS_MOVE = YES;
				CLANG_WARN_UNGUARDED_AVAILABILITY = YES_AGGRESSIVE;
				CLANG_WARN_UNREACHABLE_CODE = YES;
				CLANG_WARN__DUPLICATE_METHOD_MATCH = YES;
				COPY_PHASE_STRIP = NO;
				DEBUG_INFORMATION_FORMAT = "dwarf-with-dsym";
				ENABLE_NS_ASSERTIONS = NO;
				ENABLE_STRICT_OBJC_MSGSEND = YES;
				GCC_C_LANGUAGE_STANDARD = gnu11;
				GCC_NO_COMMON_BLOCKS = YES;
				GCC_WARN_64_TO_32_BIT_CONVERSION = YES;
				GCC_WARN_ABOUT_RETURN_TYPE = YES_ERROR;
				GCC_WARN_UNDECLARED_SELECTOR = YES;
				GCC_WARN_UNINITIALIZED_AUTOS = YES_AGGRESSIVE;
				GCC_WARN_UNUSED_FUNCTION = YES;
				GCC_WARN_UNUSED_VARIABLE = YES;
				IPHONEOS_DEPLOYMENT_TARGET = 16.2;
				MTL_ENABLE_DEBUG_INFO = NO;
				MTL_FAST_MATH = YES;
				SDKROOT = iphoneos;
				SWIFT_COMPILATION_MODE = wholemodule;
				SWIFT_OPTIMIZATION_LEVEL = "-O";
				VALIDATE_PRODUCT = YES;
			};
			name = Release;
		};
		26F7AAC929D8089D00B1029C /* Debug */ = {
			isa = XCBuildConfiguration;
			buildSettings = {
				ASSETCATALOG_COMPILER_APPICON_NAME = AppIcon;
				ASSETCATALOG_COMPILER_GLOBAL_ACCENT_COLOR_NAME = AccentColor;
				CODE_SIGN_STYLE = Automatic;
				CURRENT_PROJECT_VERSION = 1;
				GENERATE_INFOPLIST_FILE = YES;
				INFOPLIST_FILE = example_iTunesAPI_part2/Info.plist;
				INFOPLIST_KEY_UIApplicationSupportsIndirectInputEvents = YES;
				INFOPLIST_KEY_UILaunchStoryboardName = LaunchScreen;
				INFOPLIST_KEY_UIMainStoryboardFile = Main;
				INFOPLIST_KEY_UISupportedInterfaceOrientations_iPad = "UIInterfaceOrientationPortrait UIInterfaceOrientationPortraitUpsideDown UIInterfaceOrientationLandscapeLeft UIInterfaceOrientationLandscapeRight";
				INFOPLIST_KEY_UISupportedInterfaceOrientations_iPhone = "UIInterfaceOrientationPortrait UIInterfaceOrientationLandscapeLeft UIInterfaceOrientationLandscapeRight";
				LD_RUNPATH_SEARCH_PATHS = (
					"$(inherited)",
					"@executable_path/Frameworks",
				);
				MARKETING_VERSION = 1.0;
				PRODUCT_BUNDLE_IDENTIFIER = "com.present.example-iTunesAPI-part2";
				PRODUCT_NAME = "$(TARGET_NAME)";
				SWIFT_EMIT_LOC_STRINGS = YES;
				SWIFT_VERSION = 5.0;
				TARGETED_DEVICE_FAMILY = "1,2";
			};
			name = Debug;
		};
		26F7AACA29D8089D00B1029C /* Release */ = {
			isa = XCBuildConfiguration;
			buildSettings = {
				ASSETCATALOG_COMPILER_APPICON_NAME = AppIcon;
				ASSETCATALOG_COMPILER_GLOBAL_ACCENT_COLOR_NAME = AccentColor;
				CODE_SIGN_STYLE = Automatic;
				CURRENT_PROJECT_VERSION = 1;
				GENERATE_INFOPLIST_FILE = YES;
				INFOPLIST_FILE = example_iTunesAPI_part2/Info.plist;
				INFOPLIST_KEY_UIApplicationSupportsIndirectInputEvents = YES;
				INFOPLIST_KEY_UILaunchStoryboardName = LaunchScreen;
				INFOPLIST_KEY_UIMainStoryboardFile = Main;
				INFOPLIST_KEY_UISupportedInterfaceOrientations_iPad = "UIInterfaceOrientationPortrait UIInterfaceOrientationPortraitUpsideDown UIInterfaceOrientationLandscapeLeft UIInterfaceOrientationLandscapeRight";
				INFOPLIST_KEY_UISupportedInterfaceOrientations_iPhone = "UIInterfaceOrientationPortrait UIInterfaceOrientationLandscapeLeft UIInterfaceOrientationLandscapeRight";
				LD_RUNPATH_SEARCH_PATHS = (
					"$(inherited)",
					"@executable_path/Frameworks",
				);
				MARKETING_VERSION = 1.0;
				PRODUCT_BUNDLE_IDENTIFIER = "com.present.example-iTunesAPI-part2";
				PRODUCT_NAME = "$(TARGET_NAME)";
				SWIFT_EMIT_LOC_STRINGS = YES;
				SWIFT_VERSION = 5.0;
				TARGETED_DEVICE_FAMILY = "1,2";
			};
			name = Release;
		};
/* End XCBuildConfiguration section */

/* Begin XCConfigurationList section */
		26F7AAAF29D8089B00B1029C /* Build configuration list for PBXProject "example_iTunesAPI_part2" */ = {
			isa = XCConfigurationList;
			buildConfigurations = (
				26F7AAC629D8089D00B1029C /* Debug */,
				26F7AAC729D8089D00B1029C /* Release */,
			);
			defaultConfigurationIsVisible = 0;
			defaultConfigurationName = Release;
		};
		26F7AAC829D8089D00B1029C /* Build configuration list for PBXNativeTarget "example_iTunesAPI_part2" */ = {
			isa = XCConfigurationList;
			buildConfigurations = (
				26F7AAC929D8089D00B1029C /* Debug */,
				26F7AACA29D8089D00B1029C /* Release */,
			);
			defaultConfigurationIsVisible = 0;
			defaultConfigurationName = Release;
		};
/* End XCConfigurationList section */
	};
	rootObject = 26F7AAAC29D8089B00B1029C /* Project object */;
}
