// !$*UTF8*$!
{
	archiveVersion = 1;
	classes = {
	};
	objectVersion = 56;
	objects = {

/* Begin PBXBuildFile section */
		263730E62A07BD5100F9A7D4 /* AppDelegate.swift in Sources */ = {isa = PBXBuildFile; fileRef = 263730E52A07BD5100F9A7D4 /* AppDelegate.swift */; };
		263730E82A07BD5100F9A7D4 /* SceneDelegate.swift in Sources */ = {isa = PBXBuildFile; fileRef = 263730E72A07BD5100F9A7D4 /* SceneDelegate.swift */; };
		263730EA2A07BD5100F9A7D4 /* RootTabBarViewController.swift in Sources */ = {isa = PBXBuildFile; fileRef = 263730E92A07BD5100F9A7D4 /* RootTabBarViewController.swift */; };
		263730ED2A07BD5100F9A7D4 /* Main.storyboard in Resources */ = {isa = PBXBuildFile; fileRef = 263730EB2A07BD5100F9A7D4 /* Main.storyboard */; };
		263730EF2A07BD5300F9A7D4 /* Assets.xcassets in Resources */ = {isa = PBXBuildFile; fileRef = 263730EE2A07BD5300F9A7D4 /* Assets.xcassets */; };
		263730F22A07BD5300F9A7D4 /* LaunchScreen.storyboard in Resources */ = {isa = PBXBuildFile; fileRef = 263730F02A07BD5300F9A7D4 /* LaunchScreen.storyboard */; };
		263730FB2A07BF7800F9A7D4 /* TodayCollectionViewController.swift in Sources */ = {isa = PBXBuildFile; fileRef = 263730FA2A07BF7800F9A7D4 /* TodayCollectionViewController.swift */; };
		263730FF2A07BFB200F9A7D4 /* AppViewController.swift in Sources */ = {isa = PBXBuildFile; fileRef = 263730FE2A07BFB200F9A7D4 /* AppViewController.swift */; };
		263731012A07BFD300F9A7D4 /* SearChViewController.swift in Sources */ = {isa = PBXBuildFile; fileRef = 263731002A07BFD300F9A7D4 /* SearChViewController.swift */; };
		263731042A07C03800F9A7D4 /* String + Ext.swift in Sources */ = {isa = PBXBuildFile; fileRef = 263731032A07C03800F9A7D4 /* String + Ext.swift */; };
		263731072A07CBA900F9A7D4 /* TodayAccountCollectionViewCell.swift in Sources */ = {isa = PBXBuildFile; fileRef = 263731062A07CBA900F9A7D4 /* TodayAccountCollectionViewCell.swift */; };
		2637310B2A07D22F00F9A7D4 /* TodayLargeItemCollectionViewCell.swift in Sources */ = {isa = PBXBuildFile; fileRef = 2637310A2A07D22F00F9A7D4 /* TodayLargeItemCollectionViewCell.swift */; };
		2637310D2A07D2E000F9A7D4 /* Colors.xcassets in Resources */ = {isa = PBXBuildFile; fileRef = 2637310C2A07D2E000F9A7D4 /* Colors.xcassets */; };
		263731102A07D46800F9A7D4 /* DownloadableImageView.swift in Sources */ = {isa = PBXBuildFile; fileRef = 2637310F2A07D46800F9A7D4 /* DownloadableImageView.swift */; };
		263731122A07D7D100F9A7D4 /* ImageCache.swift in Sources */ = {isa = PBXBuildFile; fileRef = 263731112A07D7D100F9A7D4 /* ImageCache.swift */; };
		263731152A07DF0F00F9A7D4 /* TodayLargeItem.swift in Sources */ = {isa = PBXBuildFile; fileRef = 263731142A07DF0F00F9A7D4 /* TodayLargeItem.swift */; };
		263731182A07E09F00F9A7D4 /* TodayItem.swift in Sources */ = {isa = PBXBuildFile; fileRef = 263731172A07E09F00F9A7D4 /* TodayItem.swift */; };
/* End PBXBuildFile section */

/* Begin PBXFileReference section */
		263730E22A07BD5100F9A7D4 /* example_appStoreClone_code.app */ = {isa = PBXFileReference; explicitFileType = wrapper.application; includeInIndex = 0; path = example_appStoreClone_code.app; sourceTree = BUILT_PRODUCTS_DIR; };
		263730E52A07BD5100F9A7D4 /* AppDelegate.swift */ = {isa = PBXFileReference; lastKnownFileType = sourcecode.swift; path = AppDelegate.swift; sourceTree = "<group>"; };
		263730E72A07BD5100F9A7D4 /* SceneDelegate.swift */ = {isa = PBXFileReference; lastKnownFileType = sourcecode.swift; path = SceneDelegate.swift; sourceTree = "<group>"; };
		263730E92A07BD5100F9A7D4 /* RootTabBarViewController.swift */ = {isa = PBXFileReference; lastKnownFileType = sourcecode.swift; path = RootTabBarViewController.swift; sourceTree = "<group>"; };
		263730EC2A07BD5100F9A7D4 /* Base */ = {isa = PBXFileReference; lastKnownFileType = file.storyboard; name = Base; path = Base.lproj/Main.storyboard; sourceTree = "<group>"; };
		263730EE2A07BD5300F9A7D4 /* Assets.xcassets */ = {isa = PBXFileReference; lastKnownFileType = folder.assetcatalog; path = Assets.xcassets; sourceTree = "<group>"; };
		263730F12A07BD5300F9A7D4 /* Base */ = {isa = PBXFileReference; lastKnownFileType = file.storyboard; name = Base; path = Base.lproj/LaunchScreen.storyboard; sourceTree = "<group>"; };
		263730F32A07BD5300F9A7D4 /* Info.plist */ = {isa = PBXFileReference; lastKnownFileType = text.plist.xml; path = Info.plist; sourceTree = "<group>"; };
		263730FA2A07BF7800F9A7D4 /* TodayCollectionViewController.swift */ = {isa = PBXFileReference; lastKnownFileType = sourcecode.swift; path = TodayCollectionViewController.swift; sourceTree = "<group>"; };
		263730FE2A07BFB200F9A7D4 /* AppViewController.swift */ = {isa = PBXFileReference; lastKnownFileType = sourcecode.swift; path = AppViewController.swift; sourceTree = "<group>"; };
		263731002A07BFD300F9A7D4 /* SearChViewController.swift */ = {isa = PBXFileReference; lastKnownFileType = sourcecode.swift; path = SearChViewController.swift; sourceTree = "<group>"; };
		263731032A07C03800F9A7D4 /* String + Ext.swift */ = {isa = PBXFileReference; lastKnownFileType = sourcecode.swift; path = "String + Ext.swift"; sourceTree = "<group>"; };
		263731062A07CBA900F9A7D4 /* TodayAccountCollectionViewCell.swift */ = {isa = PBXFileReference; lastKnownFileType = sourcecode.swift; path = TodayAccountCollectionViewCell.swift; sourceTree = "<group>"; };
		2637310A2A07D22F00F9A7D4 /* TodayLargeItemCollectionViewCell.swift */ = {isa = PBXFileReference; lastKnownFileType = sourcecode.swift; path = TodayLargeItemCollectionViewCell.swift; sourceTree = "<group>"; };
		2637310C2A07D2E000F9A7D4 /* Colors.xcassets */ = {isa = PBXFileReference; lastKnownFileType = folder.assetcatalog; path = Colors.xcassets; sourceTree = "<group>"; };
		2637310F2A07D46800F9A7D4 /* DownloadableImageView.swift */ = {isa = PBXFileReference; lastKnownFileType = sourcecode.swift; path = DownloadableImageView.swift; sourceTree = "<group>"; };
		263731112A07D7D100F9A7D4 /* ImageCache.swift */ = {isa = PBXFileReference; lastKnownFileType = sourcecode.swift; path = ImageCache.swift; sourceTree = "<group>"; };
		263731142A07DF0F00F9A7D4 /* TodayLargeItem.swift */ = {isa = PBXFileReference; lastKnownFileType = sourcecode.swift; path = TodayLargeItem.swift; sourceTree = "<group>"; };
		263731172A07E09F00F9A7D4 /* TodayItem.swift */ = {isa = PBXFileReference; lastKnownFileType = sourcecode.swift; path = TodayItem.swift; sourceTree = "<group>"; };
/* End PBXFileReference section */

/* Begin PBXFrameworksBuildPhase section */
		263730DF2A07BD5100F9A7D4 /* Frameworks */ = {
			isa = PBXFrameworksBuildPhase;
			buildActionMask = 2147483647;
			files = (
			);
			runOnlyForDeploymentPostprocessing = 0;
		};
/* End PBXFrameworksBuildPhase section */

/* Begin PBXGroup section */
		263730D92A07BD5100F9A7D4 = {
			isa = PBXGroup;
			children = (
				263730E42A07BD5100F9A7D4 /* example_appStoreClone_code */,
				263730E32A07BD5100F9A7D4 /* Products */,
			);
			sourceTree = "<group>";
		};
		263730E32A07BD5100F9A7D4 /* Products */ = {
			isa = PBXGroup;
			children = (
				263730E22A07BD5100F9A7D4 /* example_appStoreClone_code.app */,
			);
			name = Products;
			sourceTree = "<group>";
		};
		263730E42A07BD5100F9A7D4 /* example_appStoreClone_code */ = {
			isa = PBXGroup;
			children = (
				263731132A07DEFF00F9A7D4 /* Model */,
				2637310E2A07D45700F9A7D4 /* CustomView */,
				263731052A07CB9100F9A7D4 /* Cell */,
				263731022A07C02D00F9A7D4 /* String + Ext */,
				263730E52A07BD5100F9A7D4 /* AppDelegate.swift */,
				263730E72A07BD5100F9A7D4 /* SceneDelegate.swift */,
				263730FC2A07BF8700F9A7D4 /* ViewController */,
				263730EB2A07BD5100F9A7D4 /* Main.storyboard */,
				263730EE2A07BD5300F9A7D4 /* Assets.xcassets */,
				2637310C2A07D2E000F9A7D4 /* Colors.xcassets */,
				263730F02A07BD5300F9A7D4 /* LaunchScreen.storyboard */,
				263730F32A07BD5300F9A7D4 /* Info.plist */,
			);
			path = example_appStoreClone_code;
			sourceTree = "<group>";
		};
		263730FC2A07BF8700F9A7D4 /* ViewController */ = {
			isa = PBXGroup;
			children = (
				263730E92A07BD5100F9A7D4 /* RootTabBarViewController.swift */,
				263730FA2A07BF7800F9A7D4 /* TodayCollectionViewController.swift */,
				263730FE2A07BFB200F9A7D4 /* AppViewController.swift */,
				263731002A07BFD300F9A7D4 /* SearChViewController.swift */,
			);
			path = ViewController;
			sourceTree = "<group>";
		};
		263731022A07C02D00F9A7D4 /* String + Ext */ = {
			isa = PBXGroup;
			children = (
				263731032A07C03800F9A7D4 /* String + Ext.swift */,
			);
			path = "String + Ext";
			sourceTree = "<group>";
		};
		263731052A07CB9100F9A7D4 /* Cell */ = {
			isa = PBXGroup;
			children = (
				263731192A07E11300F9A7D4 /* Today */,
			);
			path = Cell;
			sourceTree = "<group>";
		};
		2637310E2A07D45700F9A7D4 /* CustomView */ = {
			isa = PBXGroup;
			children = (
				2637310F2A07D46800F9A7D4 /* DownloadableImageView.swift */,
				263731112A07D7D100F9A7D4 /* ImageCache.swift */,
			);
			path = CustomView;
			sourceTree = "<group>";
		};
		263731132A07DEFF00F9A7D4 /* Model */ = {
			isa = PBXGroup;
			children = (
				263731162A07DF1200F9A7D4 /* Today */,
			);
			path = Model;
			sourceTree = "<group>";
		};
		263731162A07DF1200F9A7D4 /* Today */ = {
			isa = PBXGroup;
			children = (
				263731142A07DF0F00F9A7D4 /* TodayLargeItem.swift */,
				263731172A07E09F00F9A7D4 /* TodayItem.swift */,
			);
			path = Today;
			sourceTree = "<group>";
		};
		263731192A07E11300F9A7D4 /* Today */ = {
			isa = PBXGroup;
			children = (
				263731062A07CBA900F9A7D4 /* TodayAccountCollectionViewCell.swift */,
				2637310A2A07D22F00F9A7D4 /* TodayLargeItemCollectionViewCell.swift */,
			);
			path = Today;
			sourceTree = "<group>";
		};
/* End PBXGroup section */

/* Begin PBXNativeTarget section */
		263730E12A07BD5100F9A7D4 /* example_appStoreClone_code */ = {
			isa = PBXNativeTarget;
			buildConfigurationList = 263730F62A07BD5300F9A7D4 /* Build configuration list for PBXNativeTarget "example_appStoreClone_code" */;
			buildPhases = (
				263730DE2A07BD5100F9A7D4 /* Sources */,
				263730DF2A07BD5100F9A7D4 /* Frameworks */,
				263730E02A07BD5100F9A7D4 /* Resources */,
			);
			buildRules = (
			);
			dependencies = (
			);
			name = example_appStoreClone_code;
			productName = example_appStoreClone_code;
			productReference = 263730E22A07BD5100F9A7D4 /* example_appStoreClone_code.app */;
			productType = "com.apple.product-type.application";
		};
/* End PBXNativeTarget section */

/* Begin PBXProject section */
		263730DA2A07BD5100F9A7D4 /* Project object */ = {
			isa = PBXProject;
			attributes = {
				BuildIndependentTargetsInParallel = 1;
				LastSwiftUpdateCheck = 1420;
				LastUpgradeCheck = 1420;
				TargetAttributes = {
					263730E12A07BD5100F9A7D4 = {
						CreatedOnToolsVersion = 14.2;
					};
				};
			};
			buildConfigurationList = 263730DD2A07BD5100F9A7D4 /* Build configuration list for PBXProject "example_appStoreClone_code" */;
			compatibilityVersion = "Xcode 14.0";
			developmentRegion = en;
			hasScannedForEncodings = 0;
			knownRegions = (
				en,
				Base,
			);
			mainGroup = 263730D92A07BD5100F9A7D4;
			productRefGroup = 263730E32A07BD5100F9A7D4 /* Products */;
			projectDirPath = "";
			projectRoot = "";
			targets = (
				263730E12A07BD5100F9A7D4 /* example_appStoreClone_code */,
			);
		};
/* End PBXProject section */

/* Begin PBXResourcesBuildPhase section */
		263730E02A07BD5100F9A7D4 /* Resources */ = {
			isa = PBXResourcesBuildPhase;
			buildActionMask = 2147483647;
			files = (
				263730F22A07BD5300F9A7D4 /* LaunchScreen.storyboard in Resources */,
				2637310D2A07D2E000F9A7D4 /* Colors.xcassets in Resources */,
				263730EF2A07BD5300F9A7D4 /* Assets.xcassets in Resources */,
				263730ED2A07BD5100F9A7D4 /* Main.storyboard in Resources */,
			);
			runOnlyForDeploymentPostprocessing = 0;
		};
/* End PBXResourcesBuildPhase section */

/* Begin PBXSourcesBuildPhase section */
		263730DE2A07BD5100F9A7D4 /* Sources */ = {
			isa = PBXSourcesBuildPhase;
			buildActionMask = 2147483647;
			files = (
				263731122A07D7D100F9A7D4 /* ImageCache.swift in Sources */,
				263731102A07D46800F9A7D4 /* DownloadableImageView.swift in Sources */,
				263731012A07BFD300F9A7D4 /* SearChViewController.swift in Sources */,
				263730FF2A07BFB200F9A7D4 /* AppViewController.swift in Sources */,
				263731042A07C03800F9A7D4 /* String + Ext.swift in Sources */,
				263730EA2A07BD5100F9A7D4 /* RootTabBarViewController.swift in Sources */,
				263731152A07DF0F00F9A7D4 /* TodayLargeItem.swift in Sources */,
				263731072A07CBA900F9A7D4 /* TodayAccountCollectionViewCell.swift in Sources */,
				263730E62A07BD5100F9A7D4 /* AppDelegate.swift in Sources */,
				263731182A07E09F00F9A7D4 /* TodayItem.swift in Sources */,
				263730FB2A07BF7800F9A7D4 /* TodayCollectionViewController.swift in Sources */,
				2637310B2A07D22F00F9A7D4 /* TodayLargeItemCollectionViewCell.swift in Sources */,
				263730E82A07BD5100F9A7D4 /* SceneDelegate.swift in Sources */,
			);
			runOnlyForDeploymentPostprocessing = 0;
		};
/* End PBXSourcesBuildPhase section */

/* Begin PBXVariantGroup section */
		263730EB2A07BD5100F9A7D4 /* Main.storyboard */ = {
			isa = PBXVariantGroup;
			children = (
				263730EC2A07BD5100F9A7D4 /* Base */,
			);
			name = Main.storyboard;
			sourceTree = "<group>";
		};
		263730F02A07BD5300F9A7D4 /* LaunchScreen.storyboard */ = {
			isa = PBXVariantGroup;
			children = (
				263730F12A07BD5300F9A7D4 /* Base */,
			);
			name = LaunchScreen.storyboard;
			sourceTree = "<group>";
		};
/* End PBXVariantGroup section */

/* Begin XCBuildConfiguration section */
		263730F42A07BD5300F9A7D4 /* Debug */ = {
			isa = XCBuildConfiguration;
			buildSettings = {
				ALWAYS_SEARCH_USER_PATHS = NO;
				CLANG_ANALYZER_NONNULL = YES;
				CLANG_ANALYZER_NUMBER_OBJECT_CONVERSION = YES_AGGRESSIVE;
				CLANG_CXX_LANGUAGE_STANDARD = "gnu++20";
				CLANG_ENABLE_MODULES = YES;
				CLANG_ENABLE_OBJC_ARC = YES;
				CLANG_ENABLE_OBJC_WEAK = YES;
				CLANG_WARN_BLOCK_CAPTURE_AUTORELEASING = YES;
				CLANG_WARN_BOOL_CONVERSION = YES;
				CLANG_WARN_COMMA = YES;
				CLANG_WARN_CONSTANT_CONVERSION = YES;
				CLANG_WARN_DEPRECATED_OBJC_IMPLEMENTATIONS = YES;
				CLANG_WARN_DIRECT_OBJC_ISA_USAGE = YES_ERROR;
				CLANG_WARN_DOCUMENTATION_COMMENTS = YES;
				CLANG_WARN_EMPTY_BODY = YES;
				CLANG_WARN_ENUM_CONVERSION = YES;
				CLANG_WARN_INFINITE_RECURSION = YES;
				CLANG_WARN_INT_CONVERSION = YES;
				CLANG_WARN_NON_LITERAL_NULL_CONVERSION = YES;
				CLANG_WARN_OBJC_IMPLICIT_RETAIN_SELF = YES;
				CLANG_WARN_OBJC_LITERAL_CONVERSION = YES;
				CLANG_WARN_OBJC_ROOT_CLASS = YES_ERROR;
				CLANG_WARN_QUOTED_INCLUDE_IN_FRAMEWORK_HEADER = YES;
				CLANG_WARN_RANGE_LOOP_ANALYSIS = YES;
				CLANG_WARN_STRICT_PROTOTYPES = YES;
				CLANG_WARN_SUSPICIOUS_MOVE = YES;
				CLANG_WARN_UNGUARDED_AVAILABILITY = YES_AGGRESSIVE;
				CLANG_WARN_UNREACHABLE_CODE = YES;
				CLANG_WARN__DUPLICATE_METHOD_MATCH = YES;
				COPY_PHASE_STRIP = NO;
				DEBUG_INFORMATION_FORMAT = dwarf;
				ENABLE_STRICT_OBJC_MSGSEND = YES;
				ENABLE_TESTABILITY = YES;
				GCC_C_LANGUAGE_STANDARD = gnu11;
				GCC_DYNAMIC_NO_PIC = NO;
				GCC_NO_COMMON_BLOCKS = YES;
				GCC_OPTIMIZATION_LEVEL = 0;
				GCC_PREPROCESSOR_DEFINITIONS = (
					"DEBUG=1",
					"$(inherited)",
				);
				GCC_WARN_64_TO_32_BIT_CONVERSION = YES;
				GCC_WARN_ABOUT_RETURN_TYPE = YES_ERROR;
				GCC_WARN_UNDECLARED_SELECTOR = YES;
				GCC_WARN_UNINITIALIZED_AUTOS = YES_AGGRESSIVE;
				GCC_WARN_UNUSED_FUNCTION = YES;
				GCC_WARN_UNUSED_VARIABLE = YES;
				IPHONEOS_DEPLOYMENT_TARGET = 16.2;
				MTL_ENABLE_DEBUG_INFO = INCLUDE_SOURCE;
				MTL_FAST_MATH = YES;
				ONLY_ACTIVE_ARCH = YES;
				SDKROOT = iphoneos;
				SWIFT_ACTIVE_COMPILATION_CONDITIONS = DEBUG;
				SWIFT_OPTIMIZATION_LEVEL = "-Onone";
			};
			name = Debug;
		};
		263730F52A07BD5300F9A7D4 /* Release */ = {
			isa = XCBuildConfiguration;
			buildSettings = {
				ALWAYS_SEARCH_USER_PATHS = NO;
				CLANG_ANALYZER_NONNULL = YES;
				CLANG_ANALYZER_NUMBER_OBJECT_CONVERSION = YES_AGGRESSIVE;
				CLANG_CXX_LANGUAGE_STANDARD = "gnu++20";
				CLANG_ENABLE_MODULES = YES;
				CLANG_ENABLE_OBJC_ARC = YES;
				CLANG_ENABLE_OBJC_WEAK = YES;
				CLANG_WARN_BLOCK_CAPTURE_AUTORELEASING = YES;
				CLANG_WARN_BOOL_CONVERSION = YES;
				CLANG_WARN_COMMA = YES;
				CLANG_WARN_CONSTANT_CONVERSION = YES;
				CLANG_WARN_DEPRECATED_OBJC_IMPLEMENTATIONS = YES;
				CLANG_WARN_DIRECT_OBJC_ISA_USAGE = YES_ERROR;
				CLANG_WARN_DOCUMENTATION_COMMENTS = YES;
				CLANG_WARN_EMPTY_BODY = YES;
				CLANG_WARN_ENUM_CONVERSION = YES;
				CLANG_WARN_INFINITE_RECURSION = YES;
				CLANG_WARN_INT_CONVERSION = YES;
				CLANG_WARN_NON_LITERAL_NULL_CONVERSION = YES;
				CLANG_WARN_OBJC_IMPLICIT_RETAIN_SELF = YES;
				CLANG_WARN_OBJC_LITERAL_CONVERSION = YES;
				CLANG_WARN_OBJC_ROOT_CLASS = YES_ERROR;
				CLANG_WARN_QUOTED_INCLUDE_IN_FRAMEWORK_HEADER = YES;
				CLANG_WARN_RANGE_LOOP_ANALYSIS = YES;
				CLANG_WARN_STRICT_PROTOTYPES = YES;
				CLANG_WARN_SUSPICIOUS_MOVE = YES;
				CLANG_WARN_UNGUARDED_AVAILABILITY = YES_AGGRESSIVE;
				CLANG_WARN_UNREACHABLE_CODE = YES;
				CLANG_WARN__DUPLICATE_METHOD_MATCH = YES;
				COPY_PHASE_STRIP = NO;
				DEBUG_INFORMATION_FORMAT = "dwarf-with-dsym";
				ENABLE_NS_ASSERTIONS = NO;
				ENABLE_STRICT_OBJC_MSGSEND = YES;
				GCC_C_LANGUAGE_STANDARD = gnu11;
				GCC_NO_COMMON_BLOCKS = YES;
				GCC_WARN_64_TO_32_BIT_CONVERSION = YES;
				GCC_WARN_ABOUT_RETURN_TYPE = YES_ERROR;
				GCC_WARN_UNDECLARED_SELECTOR = YES;
				GCC_WARN_UNINITIALIZED_AUTOS = YES_AGGRESSIVE;
				GCC_WARN_UNUSED_FUNCTION = YES;
				GCC_WARN_UNUSED_VARIABLE = YES;
				IPHONEOS_DEPLOYMENT_TARGET = 16.2;
				MTL_ENABLE_DEBUG_INFO = NO;
				MTL_FAST_MATH = YES;
				SDKROOT = iphoneos;
				SWIFT_COMPILATION_MODE = wholemodule;
				SWIFT_OPTIMIZATION_LEVEL = "-O";
				VALIDATE_PRODUCT = YES;
			};
			name = Release;
		};
		263730F72A07BD5300F9A7D4 /* Debug */ = {
			isa = XCBuildConfiguration;
			buildSettings = {
				ASSETCATALOG_COMPILER_APPICON_NAME = AppIcon;
				ASSETCATALOG_COMPILER_GLOBAL_ACCENT_COLOR_NAME = AccentColor;
				CODE_SIGN_STYLE = Automatic;
				CURRENT_PROJECT_VERSION = 1;
				GENERATE_INFOPLIST_FILE = YES;
				INFOPLIST_FILE = example_appStoreClone_code/Info.plist;
				INFOPLIST_KEY_UIApplicationSupportsIndirectInputEvents = YES;
				INFOPLIST_KEY_UILaunchStoryboardName = LaunchScreen;
				INFOPLIST_KEY_UIMainStoryboardFile = "";
				INFOPLIST_KEY_UISupportedInterfaceOrientations_iPad = "UIInterfaceOrientationPortrait UIInterfaceOrientationPortraitUpsideDown UIInterfaceOrientationLandscapeLeft UIInterfaceOrientationLandscapeRight";
				INFOPLIST_KEY_UISupportedInterfaceOrientations_iPhone = "UIInterfaceOrientationPortrait UIInterfaceOrientationLandscapeLeft UIInterfaceOrientationLandscapeRight";
				LD_RUNPATH_SEARCH_PATHS = (
					"$(inherited)",
					"@executable_path/Frameworks",
				);
				MARKETING_VERSION = 1.0;
				PRODUCT_BUNDLE_IDENTIFIER = "com.present.example-appStoreClone-code";
				PRODUCT_NAME = "$(TARGET_NAME)";
				SWIFT_EMIT_LOC_STRINGS = YES;
				SWIFT_VERSION = 5.0;
				TARGETED_DEVICE_FAMILY = "1,2";
			};
			name = Debug;
		};
		263730F82A07BD5300F9A7D4 /* Release */ = {
			isa = XCBuildConfiguration;
			buildSettings = {
				ASSETCATALOG_COMPILER_APPICON_NAME = AppIcon;
				ASSETCATALOG_COMPILER_GLOBAL_ACCENT_COLOR_NAME = AccentColor;
				CODE_SIGN_STYLE = Automatic;
				CURRENT_PROJECT_VERSION = 1;
				GENERATE_INFOPLIST_FILE = YES;
				INFOPLIST_FILE = example_appStoreClone_code/Info.plist;
				INFOPLIST_KEY_UIApplicationSupportsIndirectInputEvents = YES;
				INFOPLIST_KEY_UILaunchStoryboardName = LaunchScreen;
				INFOPLIST_KEY_UIMainStoryboardFile = "";
				INFOPLIST_KEY_UISupportedInterfaceOrientations_iPad = "UIInterfaceOrientationPortrait UIInterfaceOrientationPortraitUpsideDown UIInterfaceOrientationLandscapeLeft UIInterfaceOrientationLandscapeRight";
				INFOPLIST_KEY_UISupportedInterfaceOrientations_iPhone = "UIInterfaceOrientationPortrait UIInterfaceOrientationLandscapeLeft UIInterfaceOrientationLandscapeRight";
				LD_RUNPATH_SEARCH_PATHS = (
					"$(inherited)",
					"@executable_path/Frameworks",
				);
				MARKETING_VERSION = 1.0;
				PRODUCT_BUNDLE_IDENTIFIER = "com.present.example-appStoreClone-code";
				PRODUCT_NAME = "$(TARGET_NAME)";
				SWIFT_EMIT_LOC_STRINGS = YES;
				SWIFT_VERSION = 5.0;
				TARGETED_DEVICE_FAMILY = "1,2";
			};
			name = Release;
		};
/* End XCBuildConfiguration section */

/* Begin XCConfigurationList section */
		263730DD2A07BD5100F9A7D4 /* Build configuration list for PBXProject "example_appStoreClone_code" */ = {
			isa = XCConfigurationList;
			buildConfigurations = (
				263730F42A07BD5300F9A7D4 /* Debug */,
				263730F52A07BD5300F9A7D4 /* Release */,
			);
			defaultConfigurationIsVisible = 0;
			defaultConfigurationName = Release;
		};
		263730F62A07BD5300F9A7D4 /* Build configuration list for PBXNativeTarget "example_appStoreClone_code" */ = {
			isa = XCConfigurationList;
			buildConfigurations = (
				263730F72A07BD5300F9A7D4 /* Debug */,
				263730F82A07BD5300F9A7D4 /* Release */,
			);
			defaultConfigurationIsVisible = 0;
			defaultConfigurationName = Release;
		};
/* End XCConfigurationList section */
	};
	rootObject = 263730DA2A07BD5100F9A7D4 /* Project object */;
}
